<?xml version="1.0" encoding="utf-8"?>
<Project ToolsVersion="4.0" xmlns="http://schemas.microsoft.com/developer/msbuild/2003">
  <ItemGroup>
    <Filter Include="Source Files">
      <UniqueIdentifier>{4FC737F1-C7A5-4376-A066-2A32D752A2FF}</UniqueIdentifier>
      <Extensions>cpp;c;cc;cxx;def;odl;idl;hpj;bat;asm;asmx</Extensions>
    </Filter>
    <Filter Include="Header Files">
      <UniqueIdentifier>{93995380-89BD-4b04-88EB-625FBE52EBFB}</UniqueIdentifier>
      <Extensions>h;hpp;hxx;hm;inl;inc;xsd</Extensions>
    </Filter>
    <Filter Include="Resource Files">
      <UniqueIdentifier>{67DA6AB6-F800-4c08-8B7A-83BB121AAD01}</UniqueIdentifier>
      <Extensions>rc;ico;cur;bmp;dlg;rc2;rct;bin;rgs;gif;jpg;jpeg;jpe;resx;tiff;tif;png;wav</Extensions>
    </Filter>
    <Filter Include="DeckLink API">
      <UniqueIdentifier>{44f21721-dfb4-4eef-a319-10da913aeb7b}</UniqueIdentifier>
    </Filter>
  </ItemGroup>
  <ItemGroup>
    <ClCompile Include="stdafx.cpp">
      <Filter>Source Files</Filter>
    </ClCompile>
    <ClCompile Include="DeckLinkAPI_i.c">
      <Filter>DeckLink API</Filter>
    </ClCompile>
    <ClCompile Include="DeckLinkOutputDevice.cpp">
      <Filter>Source Files</Filter>
    </ClCompile>
    <ClCompile Include="DeckLinkDeviceDiscovery.cpp">
      <Filter>Source Files</Filter>
    </ClCompile>
    <ClCompile Include="ProfileCallback.cpp">
      <Filter>Source Files</Filter>
    </ClCompile>
    <ClCompile Include="FilePlayback.cpp">
      <Filter>Source Files</Filter>
    </ClCompile>
    <ClCompile Include="FilePlaybackDlg.cpp">
      <Filter>Source Files</Filter>
    </ClCompile>
    <ClCompile Include="PlaybackVideoFrame.cpp">
      <Filter>Source Files</Filter>
    </ClCompile>
    <ClCompile Include="SourceReader.cpp">
      <Filter>Source Files</Filter>
    </ClCompile>
    <ClCompile Include="PlaybackAudioPacket.cpp">
      <Filter>Source Files</Filter>
    </ClCompile>
    <ClCompile Include="About.cpp">
      <Filter>Source Files</Filter>
    </ClCompile>
    <ClCompile Include="FileCapture.cpp">
      <Filter>Source Files</Filter>
    </ClCompile>
    <ClCompile Include="FileCaptureDlg.cpp">
      <Filter>Source Files</Filter>
    </ClCompile>
    <ClCompile Include="DeckLinkInputDevice.cpp">
      <Filter>Source Files</Filter>
    </ClCompile>
    <ClCompile Include="SampleMemoryAllocator.cpp">
      <Filter>Source Files</Filter>
    </ClCompile>
    <ClCompile Include="SinkWriter.cpp">
      <Filter>Source Files</Filter>
    </ClCompile>
    <ClCompile Include="PreviewWindow.cpp">
      <Filter>Source Files</Filter>
    </ClCompile>
    <ClCompile Include="AudioSampleQueue.cpp">
      <Filter>Source Files</Filter>
    </ClCompile>
  </ItemGroup>
  <ItemGroup>
    <ClInclude Include="Resource.h">
      <Filter>Header Files</Filter>
    </ClInclude>
    <ClInclude Include="stdafx.h">
      <Filter>Header Files</Filter>
    </ClInclude>
    <ClInclude Include="targetver.h">
      <Filter>Header Files</Filter>
    </ClInclude>
    <ClInclude Include="DeckLinkOutputDevice.h">
      <Filter>Header Files</Filter>
    </ClInclude>
    <ClInclude Include="DeckLinkDeviceDiscovery.h">
      <Filter>Header Files</Filter>
    </ClInclude>
    <ClInclude Include="ProfileCallback.h">
      <Filter>Header Files</Filter>
    </ClInclude>
    <ClInclude Include="FilePlayback.h">
      <Filter>Header Files</Filter>
    </ClInclude>
    <ClInclude Include="FilePlaybackDlg.h">
      <Filter>Header Files</Filter>
    </ClInclude>
    <ClInclude Include="PlaybackVideoFrame.h">
      <Filter>Header Files</Filter>
    </ClInclude>
    <ClInclude Include="SourceReader.h">
      <Filter>Header Files</Filter>
    </ClInclude>
    <ClInclude Include="PlaybackAudioPacket.h">
      <Filter>Header Files</Filter>
    </ClInclude>
    <ClInclude Include="About.h">
      <Filter>Header Files</Filter>
    </ClInclude>
    <ClInclude Include="FileCapture.h">
      <Filter>Header Files</Filter>
    </ClInclude>
    <ClInclude Include="FileCaptureDlg.h">
      <Filter>Header Files</Filter>
    </ClInclude>
    <ClInclude Include="DeckLinkInputDevice.h">
      <Filter>Header Files</Filter>
    </ClInclude>
    <ClInclude Include="SampleMemoryAllocator.h">
      <Filter>Header Files</Filter>
    </ClInclude>
    <ClInclude Include="SinkWriter.h">
      <Filter>Header Files</Filter>
    </ClInclude>
    <ClInclude Include="PreviewWindow.h">
      <Filter>Header Files</Filter>
    </ClInclude>
    <ClInclude Include="AudioSampleQueue.h">
      <Filter>Header Files</Filter>
    </ClInclude>
    <ClInclude Include="SampleQueue.h">
      <Filter>Header Files</Filter>
    </ClInclude>
  </ItemGroup>
  <ItemGroup>
    <Midl Include="..\..\include\DeckLinkAPI.idl">
      <Filter>DeckLink API</Filter>
    </Midl>
  </ItemGroup>
  <ItemGroup>
    <Image Include="res\FilePlayback.ico">
      <Filter>Resource Files</Filter>
    </Image>
    <Image Include="res\icon1.ico">
      <Filter>Resource Files</Filter>
    </Image>
    <Image Include="res\icon2.ico">
      <Filter>Resource Files</Filter>
    </Image>
    <Image Include="D:\bmd.ico">
      <Filter>Resource Files</Filter>
    </Image>
  </ItemGroup>
  <ItemGroup>
    <ResourceCompile Include="FilePlayback.rc">
      <Filter>Resource Files</Filter>
    </ResourceCompile>
  </ItemGroup>
  <ItemGroup>
    <None Include="res\FilePlayback.rc2">
      <Filter>Resource Files</Filter>
    </None>
  </ItemGroup>
</Project>